
Microsoft Visual Studio Solution File, Format Version 12.00
# Visual Studio Version 16
VisualStudioVersion = 16.0.31424.327
MinimumVisualStudioVersion = 10.0.40219.1
Project("{8BC9CEB8-8B4A-11D0-8D11-00A0C91BC942}") = "HuffmanTree", "HuffmanTree.vcxproj", "{450A7D6B-4E6A-41DD-8BA5-D6B297E8C067}"
EndProject
Global
	GlobalSection(SolutionConfigurationPlatforms) = preSolution
		Debug|x64 = Debug|x64
		Debug|x86 = Debug|x86
		Release|x64 = Release|x64
		Release|x86 = Release|x86
	EndGlobalSection
	GlobalSection(ProjectConfigurationPlatforms) = postSolution
		{450A7D6B-4E6A-41DD-8BA5-D6B297E8C067}.Debug|x64.ActiveCfg = Debug|x64
		{450A7D6B-4E6A-41DD-8BA5-D6B297E8C067}.Debug|x64.Build.0 = Debug|x64
		{450A7D6B-4E6A-41DD-8BA5-D6B297E8C067}.Debug|x86.ActiveCfg = Debug|Win32
		{450A7D6B-4E6A-41DD-8BA5-D6B297E8C067}.Debug|x86.Build.0 = Debug|Win32
		{450A7D6B-4E6A-41DD-8BA5-D6B297E8C067}.Release|x64.ActiveCfg = Release|x64
		{450A7D6B-4E6A-41DD-8BA5-D6B297E8C067}.Release|x64.Build.0 = Release|x64
		{450A7D6B-4E6A-41DD-8BA5-D6B297E8C067}.Release|x86.ActiveCfg = Release|Win32
		{450A7D6B-4E6A-41DD-8BA5-D6B297E8C067}.Release|x86.Build.0 = Release|Win32
	EndGlobalSection
	GlobalSection(SolutionProperties) = preSolution
		HideSolutionNode = FALSE
	EndGlobalSection
	GlobalSection(ExtensibilityGlobals) = postSolution
		SolutionGuid = {5F8D6092-E733-49A5-A2EA-1CFA07394984}
	EndGlobalSection
EndGlobal
